// !$*UTF8*$!
{
	archiveVersion = 1;
	classes = {
	};
	objectVersion = 46;
	objects = {

/* Begin PBXBuildFile section */
		3B96C3B6184C913900078033 /* Foundation.framework in Frameworks */ = {isa = PBXBuildFile; fileRef = 3B96C3B5184C913900078033 /* Foundation.framework */; };
		3B96C3B8184C913900078033 /* CoreGraphics.framework in Frameworks */ = {isa = PBXBuildFile; fileRef = 3B96C3B7184C913900078033 /* CoreGraphics.framework */; };
		3B96C3BA184C913900078033 /* UIKit.framework in Frameworks */ = {isa = PBXBuildFile; fileRef = 3B96C3B9184C913900078033 /* UIKit.framework */; };
		3B96C3C0184C913900078033 /* InfoPlist.strings in Resources */ = {isa = PBXBuildFile; fileRef = 3B96C3BE184C913900078033 /* InfoPlist.strings */; };
		3B96C3C2184C913900078033 /* main.m in Sources */ = {isa = PBXBuildFile; fileRef = 3B96C3C1184C913900078033 /* main.m */; };
		3B96C3C6184C913900078033 /* AppDelegate.m in Sources */ = {isa = PBXBuildFile; fileRef = 3B96C3C5184C913900078033 /* AppDelegate.m */; };
		3B96C3C9184C913900078033 /* Main.storyboard in Resources */ = {isa = PBXBuildFile; fileRef = 3B96C3C7184C913900078033 /* Main.storyboard */; };
		3B96C3CC184C913900078033 /* ViewController.m in Sources */ = {isa = PBXBuildFile; fileRef = 3B96C3CB184C913900078033 /* ViewController.m */; };
		3B96C3CE184C913900078033 /* Images.xcassets in Resources */ = {isa = PBXBuildFile; fileRef = 3B96C3CD184C913900078033 /* Images.xcassets */; };
		3B96C3D5184C913900078033 /* XCTest.framework in Frameworks */ = {isa = PBXBuildFile; fileRef = 3B96C3D4184C913900078033 /* XCTest.framework */; };
		3B96C3D6184C913900078033 /* Foundation.framework in Frameworks */ = {isa = PBXBuildFile; fileRef = 3B96C3B5184C913900078033 /* Foundation.framework */; };
		3B96C3D7184C913900078033 /* UIKit.framework in Frameworks */ = {isa = PBXBuildFile; fileRef = 3B96C3B9184C913900078033 /* UIKit.framework */; };
		3B96C3DF184C913900078033 /* InfoPlist.strings in Resources */ = {isa = PBXBuildFile; fileRef = 3B96C3DD184C913900078033 /* InfoPlist.strings */; };
		3B96C3E1184C913900078033 /* TestBeaconTests.m in Sources */ = {isa = PBXBuildFile; fileRef = 3B96C3E0184C913900078033 /* TestBeaconTests.m */; };
		3B96C3EE184C939C00078033 /* CoreLocation.framework in Frameworks */ = {isa = PBXBuildFile; fileRef = 3B96C3ED184C939C00078033 /* CoreLocation.framework */; };
		3B96C3FC184C966300078033 /* SystemConfiguration.framework in Frameworks */ = {isa = PBXBuildFile; fileRef = 3B96C3FB184C966300078033 /* SystemConfiguration.framework */; };
/* End PBXBuildFile section */

/* Begin PBXContainerItemProxy section */
		3B96C3D8184C913900078033 /* PBXContainerItemProxy */ = {
			isa = PBXContainerItemProxy;
			containerPortal = 3B96C3AA184C913900078033 /* Project object */;
			proxyType = 1;
			remoteGlobalIDString = 3B96C3B1184C913900078033;
			remoteInfo = TestBeacon;
		};
/* End PBXContainerItemProxy section */

/* Begin PBXFileReference section */
		3B96C3B2184C913900078033 /* TestBeacon.app */ = {isa = PBXFileReference; explicitFileType = wrapper.application; includeInIndex = 0; path = TestBeacon.app; sourceTree = BUILT_PRODUCTS_DIR; };
		3B96C3B5184C913900078033 /* Foundation.framework */ = {isa = PBXFileReference; lastKnownFileType = wrapper.framework; name = Foundation.framework; path = System/Library/Frameworks/Foundation.framework; sourceTree = SDKROOT; };
		3B96C3B7184C913900078033 /* CoreGraphics.framework */ = {isa = PBXFileReference; lastKnownFileType = wrapper.framework; name = CoreGraphics.framework; path = System/Library/Frameworks/CoreGraphics.framework; sourceTree = SDKROOT; };
		3B96C3B9184C913900078033 /* UIKit.framework */ = {isa = PBXFileReference; lastKnownFileType = wrapper.framework; name = UIKit.framework; path = System/Library/Frameworks/UIKit.framework; sourceTree = SDKROOT; };
		3B96C3BD184C913900078033 /* TestBeacon-Info.plist */ = {isa = PBXFileReference; lastKnownFileType = text.plist.xml; path = "TestBeacon-Info.plist"; sourceTree = "<group>"; };
		3B96C3BF184C913900078033 /* en */ = {isa = PBXFileReference; lastKnownFileType = text.plist.strings; name = en; path = en.lproj/InfoPlist.strings; sourceTree = "<group>"; };
		3B96C3C1184C913900078033 /* main.m */ = {isa = PBXFileReference; lastKnownFileType = sourcecode.c.objc; path = main.m; sourceTree = "<group>"; };
		3B96C3C3184C913900078033 /* TestBeacon-Prefix.pch */ = {isa = PBXFileReference; lastKnownFileType = sourcecode.c.h; path = "TestBeacon-Prefix.pch"; sourceTree = "<group>"; };
		3B96C3C4184C913900078033 /* AppDelegate.h */ = {isa = PBXFileReference; lastKnownFileType = sourcecode.c.h; path = AppDelegate.h; sourceTree = "<group>"; };
		3B96C3C5184C913900078033 /* AppDelegate.m */ = {isa = PBXFileReference; lastKnownFileType = sourcecode.c.objc; path = AppDelegate.m; sourceTree = "<group>"; };
		3B96C3C8184C913900078033 /* Base */ = {isa = PBXFileReference; lastKnownFileType = file.storyboard; name = Base; path = Base.lproj/Main.storyboard; sourceTree = "<group>"; };
		3B96C3CA184C913900078033 /* ViewController.h */ = {isa = PBXFileReference; lastKnownFileType = sourcecode.c.h; path = ViewController.h; sourceTree = "<group>"; };
		3B96C3CB184C913900078033 /* ViewController.m */ = {isa = PBXFileReference; lastKnownFileType = sourcecode.c.objc; path = ViewController.m; sourceTree = "<group>"; };
		3B96C3CD184C913900078033 /* Images.xcassets */ = {isa = PBXFileReference; lastKnownFileType = folder.assetcatalog; path = Images.xcassets; sourceTree = "<group>"; };
		3B96C3D3184C913900078033 /* TestBeaconTests.xctest */ = {isa = PBXFileReference; explicitFileType = wrapper.cfbundle; includeInIndex = 0; path = TestBeaconTests.xctest; sourceTree = BUILT_PRODUCTS_DIR; };
		3B96C3D4184C913900078033 /* XCTest.framework */ = {isa = PBXFileReference; lastKnownFileType = wrapper.framework; name = XCTest.framework; path = Library/Frameworks/XCTest.framework; sourceTree = DEVELOPER_DIR; };
		3B96C3DC184C913900078033 /* TestBeaconTests-Info.plist */ = {isa = PBXFileReference; lastKnownFileType = text.plist.xml; path = "TestBeaconTests-Info.plist"; sourceTree = "<group>"; };
		3B96C3DE184C913900078033 /* en */ = {isa = PBXFileReference; lastKnownFileType = text.plist.strings; name = en; path = en.lproj/InfoPlist.strings; sourceTree = "<group>"; };
		3B96C3E0184C913900078033 /* TestBeaconTests.m */ = {isa = PBXFileReference; lastKnownFileType = sourcecode.c.objc; path = TestBeaconTests.m; sourceTree = "<group>"; };
		3B96C3ED184C939C00078033 /* CoreLocation.framework */ = {isa = PBXFileReference; lastKnownFileType = wrapper.framework; name = CoreLocation.framework; path = System/Library/Frameworks/CoreLocation.framework; sourceTree = SDKROOT; };
		3B96C3EF184C93A100078033 /* CoreBluetooth.framework */ = {isa = PBXFileReference; lastKnownFileType = wrapper.framework; name = CoreBluetooth.framework; path = System/Library/Frameworks/CoreBluetooth.framework; sourceTree = SDKROOT; };
		3B96C3FB184C966300078033 /* SystemConfiguration.framework */ = {isa = PBXFileReference; lastKnownFileType = wrapper.framework; name = SystemConfiguration.framework; path = System/Library/Frameworks/SystemConfiguration.framework; sourceTree = SDKROOT; };
/* End PBXFileReference section */

/* Begin PBXFrameworksBuildPhase section */
		3B96C3AF184C913900078033 /* Frameworks */ = {
			isa = PBXFrameworksBuildPhase;
			buildActionMask = 2147483647;
			files = (
				3B96C3FC184C966300078033 /* SystemConfiguration.framework in Frameworks */,
				3B96C3EE184C939C00078033 /* CoreLocation.framework in Frameworks */,
				3B96C3B8184C913900078033 /* CoreGraphics.framework in Frameworks */,
				3B96C3BA184C913900078033 /* UIKit.framework in Frameworks */,
				3B96C3B6184C913900078033 /* Foundation.framework in Frameworks */,
			);
			runOnlyForDeploymentPostprocessing = 0;
		};
		3B96C3D0184C913900078033 /* Frameworks */ = {
			isa = PBXFrameworksBuildPhase;
			buildActionMask = 2147483647;
			files = (
				3B96C3D5184C913900078033 /* XCTest.framework in Frameworks */,
				3B96C3D7184C913900078033 /* UIKit.framework in Frameworks */,
				3B96C3D6184C913900078033 /* Foundation.framework in Frameworks */,
			);
			runOnlyForDeploymentPostprocessing = 0;
		};
/* End PBXFrameworksBuildPhase section */

/* Begin PBXGroup section */
		3B96C3A9184C913900078033 = {
			isa = PBXGroup;
			children = (
				3B96C3BB184C913900078033 /* TestBeacon */,
				3B96C3DA184C913900078033 /* TestBeaconTests */,
				3B96C3B4184C913900078033 /* Frameworks */,
				3B96C3B3184C913900078033 /* Products */,
			);
			sourceTree = "<group>";
		};
		3B96C3B3184C913900078033 /* Products */ = {
			isa = PBXGroup;
			children = (
				3B96C3B2184C913900078033 /* TestBeacon.app */,
				3B96C3D3184C913900078033 /* TestBeaconTests.xctest */,
			);
			name = Products;
			sourceTree = "<group>";
		};
		3B96C3B4184C913900078033 /* Frameworks */ = {
			isa = PBXGroup;
			children = (
				3B96C3FB184C966300078033 /* SystemConfiguration.framework */,
				3B96C3EF184C93A100078033 /* CoreBluetooth.framework */,
				3B96C3ED184C939C00078033 /* CoreLocation.framework */,
				3B96C3B5184C913900078033 /* Foundation.framework */,
				3B96C3B7184C913900078033 /* CoreGraphics.framework */,
				3B96C3B9184C913900078033 /* UIKit.framework */,
				3B96C3D4184C913900078033 /* XCTest.framework */,
			);
			name = Frameworks;
			sourceTree = "<group>";
		};
		3B96C3BB184C913900078033 /* TestBeacon */ = {
			isa = PBXGroup;
			children = (
				3B96C3C4184C913900078033 /* AppDelegate.h */,
				3B96C3C5184C913900078033 /* AppDelegate.m */,
				3B96C3C7184C913900078033 /* Main.storyboard */,
				3B96C3CA184C913900078033 /* ViewController.h */,
				3B96C3CB184C913900078033 /* ViewController.m */,
				3B96C3CD184C913900078033 /* Images.xcassets */,
				3B96C3BC184C913900078033 /* Supporting Files */,
			);
			path = TestBeacon;
			sourceTree = "<group>";
		};
		3B96C3BC184C913900078033 /* Supporting Files */ = {
			isa = PBXGroup;
			children = (
				3B96C3BD184C913900078033 /* TestBeacon-Info.plist */,
				3B96C3BE184C913900078033 /* InfoPlist.strings */,
				3B96C3C1184C913900078033 /* main.m */,
				3B96C3C3184C913900078033 /* TestBeacon-Prefix.pch */,
			);
			name = "Supporting Files";
			sourceTree = "<group>";
		};
		3B96C3DA184C913900078033 /* TestBeaconTests */ = {
			isa = PBXGroup;
			children = (
				3B96C3E0184C913900078033 /* TestBeaconTests.m */,
				3B96C3DB184C913900078033 /* Supporting Files */,
			);
			path = TestBeaconTests;
			sourceTree = "<group>";
		};
		3B96C3DB184C913900078033 /* Supporting Files */ = {
			isa = PBXGroup;
			children = (
				3B96C3DC184C913900078033 /* TestBeaconTests-Info.plist */,
				3B96C3DD184C913900078033 /* InfoPlist.strings */,
			);
			name = "Supporting Files";
			sourceTree = "<group>";
		};
/* End PBXGroup section */

/* Begin PBXNativeTarget section */
		3B96C3B1184C913900078033 /* TestBeacon */ = {
			isa = PBXNativeTarget;
			buildConfigurationList = 3B96C3E4184C913900078033 /* Build configuration list for PBXNativeTarget "TestBeacon" */;
			buildPhases = (
				3B96C3AE184C913900078033 /* Sources */,
				3B96C3AF184C913900078033 /* Frameworks */,
				3B96C3B0184C913900078033 /* Resources */,
			);
			buildRules = (
			);
			dependencies = (
			);
			name = TestBeacon;
			productName = TestBeacon;
			productReference = 3B96C3B2184C913900078033 /* TestBeacon.app */;
			productType = "com.apple.product-type.application";
		};
		3B96C3D2184C913900078033 /* TestBeaconTests */ = {
			isa = PBXNativeTarget;
			buildConfigurationList = 3B96C3E7184C913900078033 /* Build configuration list for PBXNativeTarget "TestBeaconTests" */;
			buildPhases = (
				3B96C3CF184C913900078033 /* Sources */,
				3B96C3D0184C913900078033 /* Frameworks */,
				3B96C3D1184C913900078033 /* Resources */,
			);
			buildRules = (
			);
			dependencies = (
				3B96C3D9184C913900078033 /* PBXTargetDependency */,
			);
			name = TestBeaconTests;
			productName = TestBeaconTests;
			productReference = 3B96C3D3184C913900078033 /* TestBeaconTests.xctest */;
			productType = "com.apple.product-type.bundle.unit-test";
		};
/* End PBXNativeTarget section */

/* Begin PBXProject section */
		3B96C3AA184C913900078033 /* Project object */ = {
			isa = PBXProject;
			attributes = {
				LastUpgradeCheck = 0510;
				ORGANIZATIONNAME = "Arnaud Boudou";
				TargetAttributes = {
					3B96C3B1184C913900078033 = {
						SystemCapabilities = {
							com.apple.BackgroundModes = {
								enabled = 1;
							};
						};
					};
					3B96C3D2184C913900078033 = {
						TestTargetID = 3B96C3B1184C913900078033;
					};
				};
			};
			buildConfigurationList = 3B96C3AD184C913900078033 /* Build configuration list for PBXProject "TestBeacon" */;
			compatibilityVersion = "Xcode 3.2";
			developmentRegion = English;
			hasScannedForEncodings = 0;
			knownRegions = (
				en,
				Base,
			);
			mainGroup = 3B96C3A9184C913900078033;
			productRefGroup = 3B96C3B3184C913900078033 /* Products */;
			projectDirPath = "";
			projectRoot = "";
			targets = (
				3B96C3B1184C913900078033 /* TestBeacon */,
				3B96C3D2184C913900078033 /* TestBeaconTests */,
			);
		};
/* End PBXProject section */

/* Begin PBXResourcesBuildPhase section */
		3B96C3B0184C913900078033 /* Resources */ = {
			isa = PBXResourcesBuildPhase;
			buildActionMask = 2147483647;
			files = (
				3B96C3CE184C913900078033 /* Images.xcassets in Resources */,
				3B96C3C0184C913900078033 /* InfoPlist.strings in Resources */,
				3B96C3C9184C913900078033 /* Main.storyboard in Resources */,
			);
			runOnlyForDeploymentPostprocessing = 0;
		};
		3B96C3D1184C913900078033 /* Resources */ = {
			isa = PBXResourcesBuildPhase;
			buildActionMask = 2147483647;
			files = (
				3B96C3DF184C913900078033 /* InfoPlist.strings in Resources */,
			);
			runOnlyForDeploymentPostprocessing = 0;
		};
/* End PBXResourcesBuildPhase section */

/* Begin PBXSourcesBuildPhase section */
		3B96C3AE184C913900078033 /* Sources */ = {
			isa = PBXSourcesBuildPhase;
			buildActionMask = 2147483647;
			files = (
				3B96C3CC184C913900078033 /* ViewController.m in Sources */,
				3B96C3C6184C913900078033 /* AppDelegate.m in Sources */,
				3B96C3C2184C913900078033 /* main.m in Sources */,
			);
			runOnlyForDeploymentPostprocessing = 0;
		};
		3B96C3CF184C913900078033 /* Sources */ = {
			isa = PBXSourcesBuildPhase;
			buildActionMask = 2147483647;
			files = (
				3B96C3E1184C913900078033 /* TestBeaconTests.m in Sources */,
			);
			runOnlyForDeploymentPostprocessing = 0;
		};
/* End PBXSourcesBuildPhase section */

/* Begin PBXTargetDependency section */
		3B96C3D9184C913900078033 /* PBXTargetDependency */ = {
			isa = PBXTargetDependency;
			target = 3B96C3B1184C913900078033 /* TestBeacon */;
			targetProxy = 3B96C3D8184C913900078033 /* PBXContainerItemProxy */;
		};
/* End PBXTargetDependency section */

/* Begin PBXVariantGroup section */
		3B96C3BE184C913900078033 /* InfoPlist.strings */ = {
			isa = PBXVariantGroup;
			children = (
				3B96C3BF184C913900078033 /* en */,
			);
			name = InfoPlist.strings;
			sourceTree = "<group>";
		};
		3B96C3C7184C913900078033 /* Main.storyboard */ = {
			isa = PBXVariantGroup;
			children = (
				3B96C3C8184C913900078033 /* Base */,
			);
			name = Main.storyboard;
			sourceTree = "<group>";
		};
		3B96C3DD184C913900078033 /* InfoPlist.strings */ = {
			isa = PBXVariantGroup;
			children = (
				3B96C3DE184C913900078033 /* en */,
			);
			name = InfoPlist.strings;
			sourceTree = "<group>";
		};
/* End PBXVariantGroup section */

/* Begin XCBuildConfiguration section */
		3B96C3E2184C913900078033 /* Debug */ = {
			isa = XCBuildConfiguration;
			buildSettings = {
				ALWAYS_SEARCH_USER_PATHS = NO;
				CLANG_CXX_LANGUAGE_STANDARD = "gnu++0x";
				CLANG_CXX_LIBRARY = "libc++";
				CLANG_ENABLE_MODULES = YES;
				CLANG_ENABLE_OBJC_ARC = YES;
				CLANG_WARN_BOOL_CONVERSION = YES;
				CLANG_WARN_CONSTANT_CONVERSION = YES;
				CLANG_WARN_DIRECT_OBJC_ISA_USAGE = YES_ERROR;
				CLANG_WARN_EMPTY_BODY = YES;
				CLANG_WARN_ENUM_CONVERSION = YES;
				CLANG_WARN_INT_CONVERSION = YES;
				CLANG_WARN_OBJC_ROOT_CLASS = YES_ERROR;
				CLANG_WARN__DUPLICATE_METHOD_MATCH = YES;
				"CODE_SIGN_IDENTITY[sdk=iphoneos*]" = "iPhone Developer";
				COPY_PHASE_STRIP = NO;
				GCC_C_LANGUAGE_STANDARD = gnu99;
				GCC_DYNAMIC_NO_PIC = NO;
				GCC_OPTIMIZATION_LEVEL = 0;
				GCC_PREPROCESSOR_DEFINITIONS = (
					"DEBUG=1",
					"$(inherited)",
				);
				GCC_SYMBOLS_PRIVATE_EXTERN = NO;
				GCC_WARN_64_TO_32_BIT_CONVERSION = YES;
				GCC_WARN_ABOUT_RETURN_TYPE = YES_ERROR;
				GCC_WARN_UNDECLARED_SELECTOR = YES;
				GCC_WARN_UNINITIALIZED_AUTOS = YES;
				GCC_WARN_UNUSED_FUNCTION = YES;
				GCC_WARN_UNUSED_VARIABLE = YES;
				IPHONEOS_DEPLOYMENT_TARGET = 7.0;
				ONLY_ACTIVE_ARCH = YES;
				SDKROOT = iphoneos;
			};
			name = Debug;
		};
		3B96C3E3184C913900078033 /* Release */ = {
			isa = XCBuildConfiguration;
			buildSettings = {
				ALWAYS_SEARCH_USER_PATHS = NO;
				CLANG_CXX_LANGUAGE_STANDARD = "gnu++0x";
				CLANG_CXX_LIBRARY = "libc++";
				CLANG_ENABLE_MODULES = YES;
				CLANG_ENABLE_OBJC_ARC = YES;
				CLANG_WARN_BOOL_CONVERSION = YES;
				CLANG_WARN_CONSTANT_CONVERSION = YES;
				CLANG_WARN_DIRECT_OBJC_ISA_USAGE = YES_ERROR;
				CLANG_WARN_EMPTY_BODY = YES;
				CLANG_WARN_ENUM_CONVERSION = YES;
				CLANG_WARN_INT_CONVERSION = YES;
				CLANG_WARN_OBJC_ROOT_CLASS = YES_ERROR;
				CLANG_WARN__DUPLICATE_METHOD_MATCH = YES;
				"CODE_SIGN_IDENTITY[sdk=iphoneos*]" = "iPhone Developer";
				COPY_PHASE_STRIP = YES;
				ENABLE_NS_ASSERTIONS = NO;
				GCC_C_LANGUAGE_STANDARD = gnu99;
				GCC_WARN_64_TO_32_BIT_CONVERSION = YES;
				GCC_WARN_ABOUT_RETURN_TYPE = YES_ERROR;
				GCC_WARN_UNDECLARED_SELECTOR = YES;
				GCC_WARN_UNINITIALIZED_AUTOS = YES;
				GCC_WARN_UNUSED_FUNCTION = YES;
				GCC_WARN_UNUSED_VARIABLE = YES;
				IPHONEOS_DEPLOYMENT_TARGET = 7.0;
				SDKROOT = iphoneos;
				VALIDATE_PRODUCT = YES;
			};
			name = Release;
		};
		3B96C3E5184C913900078033 /* Debug */ = {
			isa = XCBuildConfiguration;
			buildSettings = {
				ASSETCATALOG_COMPILER_APPICON_NAME = AppIcon;
				ASSETCATALOG_COMPILER_LAUNCHIMAGE_NAME = LaunchImage;
				GCC_PRECOMPILE_PREFIX_HEADER = YES;
				GCC_PREFIX_HEADER = "TestBeacon/TestBeacon-Prefix.pch";
				HEADER_SEARCH_PATHS = (
					"$(inherited)",
					/Applications/Xcode.app/Contents/Developer/Toolchains/XcodeDefault.xctoolchain/usr/include,
				);
				INFOPLIST_FILE = "TestBeacon/TestBeacon-Info.plist";
				LIBRARY_SEARCH_PATHS = "$(inherited)";
				PRODUCT_NAME = TestBeacon;
				WRAPPER_EXTENSION = app;
			};
			name = Debug;
		};
		3B96C3E6184C913900078033 /* Release */ = {
			isa = XCBuildConfiguration;
			buildSettings = {
				ASSETCATALOG_COMPILER_APPICON_NAME = AppIcon;
				ASSETCATALOG_COMPILER_LAUNCHIMAGE_NAME = LaunchImage;
				GCC_PRECOMPILE_PREFIX_HEADER = YES;
				GCC_PREFIX_HEADER = "TestBeacon/TestBeacon-Prefix.pch";
				HEADER_SEARCH_PATHS = (
					"$(inherited)",
					/Applications/Xcode.app/Contents/Developer/Toolchains/XcodeDefault.xctoolchain/usr/include,
				);
				INFOPLIST_FILE = "TestBeacon/TestBeacon-Info.plist";
				LIBRARY_SEARCH_PATHS = "$(inherited)";
				PRODUCT_NAME = TestBeacon;
				WRAPPER_EXTENSION = app;
			};
			name = Release;
		};
		3B96C3E8184C913900078033 /* Debug */ = {
			isa = XCBuildConfiguration;
			buildSettings = {
				BUNDLE_LOADER = "$(BUILT_PRODUCTS_DIR)/TestBeacon.app/TestBeacon";
				FRAMEWORK_SEARCH_PATHS = (
					"$(SDKROOT)/Developer/Library/Frameworks",
					"$(inherited)",
					"$(DEVELOPER_FRAMEWORKS_DIR)",
				);
				GCC_PRECOMPILE_PREFIX_HEADER = YES;
				GCC_PREFIX_HEADER = "TestBeacon/TestBeacon-Prefix.pch";
				GCC_PREPROCESSOR_DEFINITIONS = (
					"DEBUG=1",
					"$(inherited)",
				);
				INFOPLIST_FILE = "TestBeaconTests/TestBeaconTests-Info.plist";
				LIBRARY_SEARCH_PATHS = (
					"$(inherited)",
					/Users/aboudou/Desktop/TestBeacon/EstimoteSDK,
				);
				PRODUCT_NAME = TestBeaconTests;
				TEST_HOST = "$(BUNDLE_LOADER)";
				WRAPPER_EXTENSION = xctest;
			};
			name = Debug;
		};
		3B96C3E9184C913900078033 /* Release */ = {
			isa = XCBuildConfiguration;
			buildSettings = {
				BUNDLE_LOADER = "$(BUILT_PRODUCTS_DIR)/TestBeacon.app/TestBeacon";
				FRAMEWORK_SEARCH_PATHS = (
					"$(SDKROOT)/Developer/Library/Frameworks",
					"$(inherited)",
					"$(DEVELOPER_FRAMEWORKS_DIR)",
				);
				GCC_PRECOMPILE_PREFIX_HEADER = YES;
				GCC_PREFIX_HEADER = "TestBeacon/TestBeacon-Prefix.pch";
				INFOPLIST_FILE = "TestBeaconTests/TestBeaconTests-Info.plist";
				LIBRARY_SEARCH_PATHS = (
					"$(inherited)",
					/Users/aboudou/Desktop/TestBeacon/EstimoteSDK,
				);
				PRODUCT_NAME = TestBeaconTests;
				TEST_HOST = "$(BUNDLE_LOADER)";
				WRAPPER_EXTENSION = xctest;
			};
			name = Release;
		};
/* End XCBuildConfiguration section */

/* Begin XCConfigurationList section */
		3B96C3AD184C913900078033 /* Build configuration list for PBXProject "TestBeacon" */ = {
			isa = XCConfigurationList;
			buildConfigurations = (
				3B96C3E2184C913900078033 /* Debug */,
				3B96C3E3184C913900078033 /* Release */,
			);
			defaultConfigurationIsVisible = 0;
			defaultConfigurationName = Release;
		};
		3B96C3E4184C913900078033 /* Build configuration list for PBXNativeTarget "TestBeacon" */ = {
			isa = XCConfigurationList;
			buildConfigurations = (
				3B96C3E5184C913900078033 /* Debug */,
				3B96C3E6184C913900078033 /* Release */,
			);
			defaultConfigurationIsVisible = 0;
			defaultConfigurationName = Release;
		};
		3B96C3E7184C913900078033 /* Build configuration list for PBXNativeTarget "TestBeaconTests" */ = {
			isa = XCConfigurationList;
			buildConfigurations = (
				3B96C3E8184C913900078033 /* Debug */,
				3B96C3E9184C913900078033 /* Release */,
			);
			defaultConfigurationIsVisible = 0;
			defaultConfigurationName = Release;
		};
/* End XCConfigurationList section */
	};
	rootObject = 3B96C3AA184C913900078033 /* Project object */;
}
